
Microsoft Visual Studio Solution File, Format Version 12.00
# Visual Studio 2013
VisualStudioVersion = 12.0.40629.0
MinimumVisualStudioVersion = 10.0.40219.1
Project("{FAE04EC0-301F-11D3-BF4B-00C04F79EFBC}") = "W01_Practice1", "W01_Practice\W01_Practice1.csproj", "{9DEC5207-DDBC-4B60-9998-65727C4733F3}"
EndProject
Project("{FAE04EC0-301F-11D3-BF4B-00C04F79EFBC}") = "W01_Practice2", "W01_Practice2\W01_Practice2.csproj", "{1C00399E-027F-4EA6-A297-2F5538706AA0}"
EndProject
Project("{FAE04EC0-301F-11D3-BF4B-00C04F79EFBC}") = "Lab01Q1", "Lab01\Lab01Q1.csproj", "{FA5B2E7A-AD35-46CF-B562-972C386C6A87}"
EndProject
Project("{FAE04EC0-301F-11D3-BF4B-00C04F79EFBC}") = "W02_Practice1", "W02_Practice1\W02_Practice1.csproj", "{F18295C4-37A6-4741-929A-B2E47DD1DDB7}"
EndProject
Project("{FAE04EC0-301F-11D3-BF4B-00C04F79EFBC}") = "Lab01Q2", "Lab01Q2\Lab01Q2.csproj", "{FFF2AF47-9132-43D6-97DA-A01A116AE517}"
EndProject
Project("{FAE04EC0-301F-11D3-BF4B-00C04F79EFBC}") = "OtherClass_A1", "OtherClass_A1\OtherClass_A1.csproj", "{389B3155-15EC-4D52-B3FD-5136D91B936C}"
EndProject
Project("{FAE04EC0-301F-11D3-BF4B-00C04F79EFBC}") = "W03_HashTable", "W03_HashTable\W03_HashTable.csproj", "{EAC54A5D-5CE7-4A37-8860-0F0E45CAAC41}"
EndProject
Project("{FAE04EC0-301F-11D3-BF4B-00C04F79EFBC}") = "W03_Eg2_Dictionary", "W03_Dictionary\W03_Eg2_Dictionary.csproj", "{D6F96ED7-E9A7-4470-B596-7268CD003698}"
EndProject
Project("{FAE04EC0-301F-11D3-BF4B-00C04F79EFBC}") = "W03_Eg3_Dictionary", "W03_Eg3_Dictionary\W03_Eg3_Dictionary.csproj", "{1422EFD7-7EF6-4815-837A-C7083FA92F69}"
EndProject
Project("{FAE04EC0-301F-11D3-BF4B-00C04F79EFBC}") = "Lab02Form", "Lab02Form\Lab02Form.csproj", "{18822CE5-7BCC-48A7-A9DD-5E8FA9CBBAAF}"
EndProject
Project("{FAE04EC0-301F-11D3-BF4B-00C04F79EFBC}") = "W05_MenuStrip", "W05_MenuStri[\W05_MenuStrip.csproj", "{3B2B5515-85EB-4C54-B1DF-D9087320BA8E}"
EndProject
Project("{FAE04EC0-301F-11D3-BF4B-00C04F79EFBC}") = "W05ToolStrip", "W05ToolStrip\W05ToolStrip.csproj", "{C44F2CA6-D82D-40C4-BA0F-410A4ADFA6E4}"
EndProject
Project("{FAE04EC0-301F-11D3-BF4B-00C04F79EFBC}") = "W05TabControl", "W05TabControl\W05TabControl.csproj", "{50BE7D5F-9C60-4F46-8D4A-7B8C6D801ABE}"
EndProject
Project("{FAE04EC0-301F-11D3-BF4B-00C04F79EFBC}") = "W05TreeView", "W05TreeView\W05TreeView.csproj", "{206E3BB2-8DC9-4B9D-BA25-C797301B7A92}"
EndProject
Project("{FAE04EC0-301F-11D3-BF4B-00C04F79EFBC}") = "AhLTest1", "AhLTest1\AhLTest1.csproj", "{6A0B9AF5-53E0-4610-9C0B-39FA81013FA3}"
EndProject
Project("{FAE04EC0-301F-11D3-BF4B-00C04F79EFBC}") = "ctlClockLib", "ctlClockLib\ctlClockLib.csproj", "{A93B179E-A462-4E19-9DC8-AAD3D681FD69}"
EndProject
Project("{FAE04EC0-301F-11D3-BF4B-00C04F79EFBC}") = "Lab05", "Lab05\Lab05.csproj", "{B478A281-22BB-4996-AE64-441B5C3FC422}"
EndProject
Global
	GlobalSection(SolutionConfigurationPlatforms) = preSolution
		Debug|Any CPU = Debug|Any CPU
		Release|Any CPU = Release|Any CPU
	EndGlobalSection
	GlobalSection(ProjectConfigurationPlatforms) = postSolution
		{9DEC5207-DDBC-4B60-9998-65727C4733F3}.Debug|Any CPU.ActiveCfg = Debug|Any CPU
		{9DEC5207-DDBC-4B60-9998-65727C4733F3}.Debug|Any CPU.Build.0 = Debug|Any CPU
		{9DEC5207-DDBC-4B60-9998-65727C4733F3}.Release|Any CPU.ActiveCfg = Release|Any CPU
		{9DEC5207-DDBC-4B60-9998-65727C4733F3}.Release|Any CPU.Build.0 = Release|Any CPU
		{1C00399E-027F-4EA6-A297-2F5538706AA0}.Debug|Any CPU.ActiveCfg = Debug|Any CPU
		{1C00399E-027F-4EA6-A297-2F5538706AA0}.Debug|Any CPU.Build.0 = Debug|Any CPU
		{1C00399E-027F-4EA6-A297-2F5538706AA0}.Release|Any CPU.ActiveCfg = Release|Any CPU
		{1C00399E-027F-4EA6-A297-2F5538706AA0}.Release|Any CPU.Build.0 = Release|Any CPU
		{FA5B2E7A-AD35-46CF-B562-972C386C6A87}.Debug|Any CPU.ActiveCfg = Debug|Any CPU
		{FA5B2E7A-AD35-46CF-B562-972C386C6A87}.Debug|Any CPU.Build.0 = Debug|Any CPU
		{FA5B2E7A-AD35-46CF-B562-972C386C6A87}.Release|Any CPU.ActiveCfg = Release|Any CPU
		{FA5B2E7A-AD35-46CF-B562-972C386C6A87}.Release|Any CPU.Build.0 = Release|Any CPU
		{F18295C4-37A6-4741-929A-B2E47DD1DDB7}.Debug|Any CPU.ActiveCfg = Debug|Any CPU
		{F18295C4-37A6-4741-929A-B2E47DD1DDB7}.Debug|Any CPU.Build.0 = Debug|Any CPU
		{F18295C4-37A6-4741-929A-B2E47DD1DDB7}.Release|Any CPU.ActiveCfg = Release|Any CPU
		{F18295C4-37A6-4741-929A-B2E47DD1DDB7}.Release|Any CPU.Build.0 = Release|Any CPU
		{FFF2AF47-9132-43D6-97DA-A01A116AE517}.Debug|Any CPU.ActiveCfg = Debug|Any CPU
		{FFF2AF47-9132-43D6-97DA-A01A116AE517}.Debug|Any CPU.Build.0 = Debug|Any CPU
		{FFF2AF47-9132-43D6-97DA-A01A116AE517}.Release|Any CPU.ActiveCfg = Release|Any CPU
		{FFF2AF47-9132-43D6-97DA-A01A116AE517}.Release|Any CPU.Build.0 = Release|Any CPU
		{389B3155-15EC-4D52-B3FD-5136D91B936C}.Debug|Any CPU.ActiveCfg = Debug|Any CPU
		{389B3155-15EC-4D52-B3FD-5136D91B936C}.Debug|Any CPU.Build.0 = Debug|Any CPU
		{389B3155-15EC-4D52-B3FD-5136D91B936C}.Release|Any CPU.ActiveCfg = Release|Any CPU
		{389B3155-15EC-4D52-B3FD-5136D91B936C}.Release|Any CPU.Build.0 = Release|Any CPU
		{EAC54A5D-5CE7-4A37-8860-0F0E45CAAC41}.Debug|Any CPU.ActiveCfg = Debug|Any CPU
		{EAC54A5D-5CE7-4A37-8860-0F0E45CAAC41}.Debug|Any CPU.Build.0 = Debug|Any CPU
		{EAC54A5D-5CE7-4A37-8860-0F0E45CAAC41}.Release|Any CPU.ActiveCfg = Release|Any CPU
		{EAC54A5D-5CE7-4A37-8860-0F0E45CAAC41}.Release|Any CPU.Build.0 = Release|Any CPU
		{D6F96ED7-E9A7-4470-B596-7268CD003698}.Debug|Any CPU.ActiveCfg = Debug|Any CPU
		{D6F96ED7-E9A7-4470-B596-7268CD003698}.Debug|Any CPU.Build.0 = Debug|Any CPU
		{D6F96ED7-E9A7-4470-B596-7268CD003698}.Release|Any CPU.ActiveCfg = Release|Any CPU
		{D6F96ED7-E9A7-4470-B596-7268CD003698}.Release|Any CPU.Build.0 = Release|Any CPU
		{1422EFD7-7EF6-4815-837A-C7083FA92F69}.Debug|Any CPU.ActiveCfg = Debug|Any CPU
		{1422EFD7-7EF6-4815-837A-C7083FA92F69}.Debug|Any CPU.Build.0 = Debug|Any CPU
		{1422EFD7-7EF6-4815-837A-C7083FA92F69}.Release|Any CPU.ActiveCfg = Release|Any CPU
		{1422EFD7-7EF6-4815-837A-C7083FA92F69}.Release|Any CPU.Build.0 = Release|Any CPU
		{18822CE5-7BCC-48A7-A9DD-5E8FA9CBBAAF}.Debug|Any CPU.ActiveCfg = Debug|Any CPU
		{18822CE5-7BCC-48A7-A9DD-5E8FA9CBBAAF}.Debug|Any CPU.Build.0 = Debug|Any CPU
		{18822CE5-7BCC-48A7-A9DD-5E8FA9CBBAAF}.Release|Any CPU.ActiveCfg = Release|Any CPU
		{18822CE5-7BCC-48A7-A9DD-5E8FA9CBBAAF}.Release|Any CPU.Build.0 = Release|Any CPU
		{3B2B5515-85EB-4C54-B1DF-D9087320BA8E}.Debug|Any CPU.ActiveCfg = Debug|Any CPU
		{3B2B5515-85EB-4C54-B1DF-D9087320BA8E}.Debug|Any CPU.Build.0 = Debug|Any CPU
		{3B2B5515-85EB-4C54-B1DF-D9087320BA8E}.Release|Any CPU.ActiveCfg = Release|Any CPU
		{3B2B5515-85EB-4C54-B1DF-D9087320BA8E}.Release|Any CPU.Build.0 = Release|Any CPU
		{C44F2CA6-D82D-40C4-BA0F-410A4ADFA6E4}.Debug|Any CPU.ActiveCfg = Debug|Any CPU
		{C44F2CA6-D82D-40C4-BA0F-410A4ADFA6E4}.Debug|Any CPU.Build.0 = Debug|Any CPU
		{C44F2CA6-D82D-40C4-BA0F-410A4ADFA6E4}.Release|Any CPU.ActiveCfg = Release|Any CPU
		{C44F2CA6-D82D-40C4-BA0F-410A4ADFA6E4}.Release|Any CPU.Build.0 = Release|Any CPU
		{50BE7D5F-9C60-4F46-8D4A-7B8C6D801ABE}.Debug|Any CPU.ActiveCfg = Debug|Any CPU
		{50BE7D5F-9C60-4F46-8D4A-7B8C6D801ABE}.Debug|Any CPU.Build.0 = Debug|Any CPU
		{50BE7D5F-9C60-4F46-8D4A-7B8C6D801ABE}.Release|Any CPU.ActiveCfg = Release|Any CPU
		{50BE7D5F-9C60-4F46-8D4A-7B8C6D801ABE}.Release|Any CPU.Build.0 = Release|Any CPU
		{206E3BB2-8DC9-4B9D-BA25-C797301B7A92}.Debug|Any CPU.ActiveCfg = Debug|Any CPU
		{206E3BB2-8DC9-4B9D-BA25-C797301B7A92}.Debug|Any CPU.Build.0 = Debug|Any CPU
		{206E3BB2-8DC9-4B9D-BA25-C797301B7A92}.Release|Any CPU.ActiveCfg = Release|Any CPU
		{206E3BB2-8DC9-4B9D-BA25-C797301B7A92}.Release|Any CPU.Build.0 = Release|Any CPU
		{6A0B9AF5-53E0-4610-9C0B-39FA81013FA3}.Debug|Any CPU.ActiveCfg = Debug|Any CPU
		{6A0B9AF5-53E0-4610-9C0B-39FA81013FA3}.Debug|Any CPU.Build.0 = Debug|Any CPU
		{6A0B9AF5-53E0-4610-9C0B-39FA81013FA3}.Release|Any CPU.ActiveCfg = Release|Any CPU
		{6A0B9AF5-53E0-4610-9C0B-39FA81013FA3}.Release|Any CPU.Build.0 = Release|Any CPU
		{A93B179E-A462-4E19-9DC8-AAD3D681FD69}.Debug|Any CPU.ActiveCfg = Debug|Any CPU
		{A93B179E-A462-4E19-9DC8-AAD3D681FD69}.Debug|Any CPU.Build.0 = Debug|Any CPU
		{A93B179E-A462-4E19-9DC8-AAD3D681FD69}.Release|Any CPU.ActiveCfg = Release|Any CPU
		{A93B179E-A462-4E19-9DC8-AAD3D681FD69}.Release|Any CPU.Build.0 = Release|Any CPU
		{B478A281-22BB-4996-AE64-441B5C3FC422}.Debug|Any CPU.ActiveCfg = Debug|Any CPU
		{B478A281-22BB-4996-AE64-441B5C3FC422}.Debug|Any CPU.Build.0 = Debug|Any CPU
		{B478A281-22BB-4996-AE64-441B5C3FC422}.Release|Any CPU.ActiveCfg = Release|Any CPU
		{B478A281-22BB-4996-AE64-441B5C3FC422}.Release|Any CPU.Build.0 = Release|Any CPU
	EndGlobalSection
	GlobalSection(SolutionProperties) = preSolution
		HideSolutionNode = FALSE
	EndGlobalSection
EndGlobal
